
Microsoft Visual Studio Solution File, Format Version 12.00
# Visual Studio Version 16
VisualStudioVersion = 16.0.29613.14
MinimumVisualStudioVersion = 10.0.40219.1
Project("{FAE04EC0-301F-11D3-BF4B-00C04F79EFBC}") = "Ab732015MIS4200", "Ab732015MIS4200.csproj", "{37C9196F-9859-422C-B554-243FA1E15FED}"
EndProject
Global
	GlobalSection(SolutionConfigurationPlatforms) = preSolution
		Debug|Any CPU = Debug|Any CPU
		Release|Any CPU = Release|Any CPU
	EndGlobalSection
	GlobalSection(ProjectConfigurationPlatforms) = postSolution
		{37C9196F-9859-422C-B554-243FA1E15FED}.Debug|Any CPU.ActiveCfg = Debug|Any CPU
		{37C9196F-9859-422C-B554-243FA1E15FED}.Debug|Any CPU.Build.0 = Debug|Any CPU
		{37C9196F-9859-422C-B554-243FA1E15FED}.Release|Any CPU.ActiveCfg = Release|Any CPU
		{37C9196F-9859-422C-B554-243FA1E15FED}.Release|Any CPU.Build.0 = Release|Any CPU
	EndGlobalSection
	GlobalSection(SolutionProperties) = preSolution
		HideSolutionNode = FALSE
	EndGlobalSection
	GlobalSection(ExtensibilityGlobals) = postSolution
		SolutionGuid = {8A1B9077-B57B-4A8F-A69A-C0FD39473D4F}
	EndGlobalSection
EndGlobal
